
Microsoft Visual Studio Solution File, Format Version 12.00
# Visual Studio Version 16
VisualStudioVersion = 16.0.30717.126
MinimumVisualStudioVersion = 10.0.40219.1
Project("{FAE04EC0-301F-11D3-BF4B-00C04F79EFBC}") = "THWEB_LAP23", "THWEB_LAP23\THWEB_LAP23.csproj", "{A347A32E-8EEA-4EC1-AB45-FB7871E5D8D5}"
EndProject
Global
	GlobalSection(SolutionConfigurationPlatforms) = preSolution
		Debug|Any CPU = Debug|Any CPU
		Release|Any CPU = Release|Any CPU
	EndGlobalSection
	GlobalSection(ProjectConfigurationPlatforms) = postSolution
		{A347A32E-8EEA-4EC1-AB45-FB7871E5D8D5}.Debug|Any CPU.ActiveCfg = Debug|Any CPU
		{A347A32E-8EEA-4EC1-AB45-FB7871E5D8D5}.Debug|Any CPU.Build.0 = Debug|Any CPU
		{A347A32E-8EEA-4EC1-AB45-FB7871E5D8D5}.Release|Any CPU.ActiveCfg = Release|Any CPU
		{A347A32E-8EEA-4EC1-AB45-FB7871E5D8D5}.Release|Any CPU.Build.0 = Release|Any CPU
	EndGlobalSection
	GlobalSection(SolutionProperties) = preSolution
		HideSolutionNode = FALSE
	EndGlobalSection
	GlobalSection(ExtensibilityGlobals) = postSolution
		SolutionGuid = {3B7AD609-86E7-4206-AA63-9EDA52002783}
	EndGlobalSection
EndGlobal
